// !$*UTF8*$!
{
	archiveVersion = 1;
	classes = {
	};
	objectVersion = 55;
	objects = {

/* Begin PBXBuildFile section */
		BD75A24F288766E800353141 /* HomeViewController.swift in Sources */ = {isa = PBXBuildFile; fileRef = BD75A24E288766E800353141 /* HomeViewController.swift */; };
		BD75A2512887671100353141 /* ShopViewController.swift in Sources */ = {isa = PBXBuildFile; fileRef = BD75A2502887671100353141 /* ShopViewController.swift */; };
		BD75A2532887671A00353141 /* HeartViewController.swift in Sources */ = {isa = PBXBuildFile; fileRef = BD75A2522887671A00353141 /* HeartViewController.swift */; };
		BD75A2552887672300353141 /* WaterViewController.swift in Sources */ = {isa = PBXBuildFile; fileRef = BD75A2542887672300353141 /* WaterViewController.swift */; };
		BD7D54182889BAB800D36E2B /* GoalOneViewController.swift in Sources */ = {isa = PBXBuildFile; fileRef = BD7D54172889BAB800D36E2B /* GoalOneViewController.swift */; };
		BD7D541A2889BABE00D36E2B /* GoalTwoViewController.swift in Sources */ = {isa = PBXBuildFile; fileRef = BD7D54192889BABE00D36E2B /* GoalTwoViewController.swift */; };
		BD7D541C2889BAC300D36E2B /* GoalThreeViewController.swift in Sources */ = {isa = PBXBuildFile; fileRef = BD7D541B2889BAC300D36E2B /* GoalThreeViewController.swift */; };
		BD7D541E2889BAC900D36E2B /* GoalFourViewController.swift in Sources */ = {isa = PBXBuildFile; fileRef = BD7D541D2889BAC900D36E2B /* GoalFourViewController.swift */; };
		BD84CE3328872A4D004936A9 /* AppDelegate.swift in Sources */ = {isa = PBXBuildFile; fileRef = BD84CE3228872A4D004936A9 /* AppDelegate.swift */; };
		BD84CE3528872A4D004936A9 /* SceneDelegate.swift in Sources */ = {isa = PBXBuildFile; fileRef = BD84CE3428872A4D004936A9 /* SceneDelegate.swift */; };
		BD84CE3728872A4D004936A9 /* ViewController.swift in Sources */ = {isa = PBXBuildFile; fileRef = BD84CE3628872A4D004936A9 /* ViewController.swift */; };
		BD84CE3A28872A4D004936A9 /* Main.storyboard in Resources */ = {isa = PBXBuildFile; fileRef = BD84CE3828872A4D004936A9 /* Main.storyboard */; };
		BD84CE3D28872A4D004936A9 /* quackcare_.xcdatamodeld in Sources */ = {isa = PBXBuildFile; fileRef = BD84CE3B28872A4D004936A9 /* quackcare_.xcdatamodeld */; };
		BD84CE3F28872A4E004936A9 /* Assets.xcassets in Resources */ = {isa = PBXBuildFile; fileRef = BD84CE3E28872A4E004936A9 /* Assets.xcassets */; };
		BD84CE4228872A4E004936A9 /* LaunchScreen.storyboard in Resources */ = {isa = PBXBuildFile; fileRef = BD84CE4028872A4E004936A9 /* LaunchScreen.storyboard */; };
		BDDD453028887B8E00B0FE76 /* GoalViewController.swift in Sources */ = {isa = PBXBuildFile; fileRef = BDDD452F28887B8E00B0FE76 /* GoalViewController.swift */; };
/* End PBXBuildFile section */

/* Begin PBXFileReference section */
		BD75A24E288766E800353141 /* HomeViewController.swift */ = {isa = PBXFileReference; lastKnownFileType = sourcecode.swift; path = HomeViewController.swift; sourceTree = "<group>"; };
		BD75A2502887671100353141 /* ShopViewController.swift */ = {isa = PBXFileReference; lastKnownFileType = sourcecode.swift; path = ShopViewController.swift; sourceTree = "<group>"; };
		BD75A2522887671A00353141 /* HeartViewController.swift */ = {isa = PBXFileReference; lastKnownFileType = sourcecode.swift; path = HeartViewController.swift; sourceTree = "<group>"; };
		BD75A2542887672300353141 /* WaterViewController.swift */ = {isa = PBXFileReference; lastKnownFileType = sourcecode.swift; path = WaterViewController.swift; sourceTree = "<group>"; };
		BD7D54172889BAB800D36E2B /* GoalOneViewController.swift */ = {isa = PBXFileReference; lastKnownFileType = sourcecode.swift; name = GoalOneViewController.swift; path = ../GoalOneViewController.swift; sourceTree = "<group>"; };
		BD7D54192889BABE00D36E2B /* GoalTwoViewController.swift */ = {isa = PBXFileReference; lastKnownFileType = sourcecode.swift; path = GoalTwoViewController.swift; sourceTree = "<group>"; };
		BD7D541B2889BAC300D36E2B /* GoalThreeViewController.swift */ = {isa = PBXFileReference; lastKnownFileType = sourcecode.swift; path = GoalThreeViewController.swift; sourceTree = "<group>"; };
		BD7D541D2889BAC900D36E2B /* GoalFourViewController.swift */ = {isa = PBXFileReference; lastKnownFileType = sourcecode.swift; path = GoalFourViewController.swift; sourceTree = "<group>"; };
		BD84CE2F28872A4D004936A9 /* quackcare!.app */ = {isa = PBXFileReference; explicitFileType = wrapper.application; includeInIndex = 0; path = "quackcare!.app"; sourceTree = BUILT_PRODUCTS_DIR; };
		BD84CE3228872A4D004936A9 /* AppDelegate.swift */ = {isa = PBXFileReference; lastKnownFileType = sourcecode.swift; path = AppDelegate.swift; sourceTree = "<group>"; };
		BD84CE3428872A4D004936A9 /* SceneDelegate.swift */ = {isa = PBXFileReference; lastKnownFileType = sourcecode.swift; path = SceneDelegate.swift; sourceTree = "<group>"; };
		BD84CE3628872A4D004936A9 /* ViewController.swift */ = {isa = PBXFileReference; lastKnownFileType = sourcecode.swift; path = ViewController.swift; sourceTree = "<group>"; };
		BD84CE3928872A4D004936A9 /* Base */ = {isa = PBXFileReference; lastKnownFileType = file.storyboard; name = Base; path = Base.lproj/Main.storyboard; sourceTree = "<group>"; };
		BD84CE3C28872A4D004936A9 /* quackcare_.xcdatamodel */ = {isa = PBXFileReference; lastKnownFileType = wrapper.xcdatamodel; path = quackcare_.xcdatamodel; sourceTree = "<group>"; };
		BD84CE3E28872A4E004936A9 /* Assets.xcassets */ = {isa = PBXFileReference; lastKnownFileType = folder.assetcatalog; path = Assets.xcassets; sourceTree = "<group>"; };
		BD84CE4128872A4E004936A9 /* Base */ = {isa = PBXFileReference; lastKnownFileType = file.storyboard; name = Base; path = Base.lproj/LaunchScreen.storyboard; sourceTree = "<group>"; };
		BD84CE4328872A4E004936A9 /* Info.plist */ = {isa = PBXFileReference; lastKnownFileType = text.plist.xml; path = Info.plist; sourceTree = "<group>"; };
		BDDD452F28887B8E00B0FE76 /* GoalViewController.swift */ = {isa = PBXFileReference; lastKnownFileType = sourcecode.swift; path = GoalViewController.swift; sourceTree = "<group>"; };
/* End PBXFileReference section */

/* Begin PBXFrameworksBuildPhase section */
		BD84CE2C28872A4D004936A9 /* Frameworks */ = {
			isa = PBXFrameworksBuildPhase;
			buildActionMask = 2147483647;
			files = (
			);
			runOnlyForDeploymentPostprocessing = 0;
		};
/* End PBXFrameworksBuildPhase section */

/* Begin PBXGroup section */
		BD84CE2628872A4D004936A9 = {
			isa = PBXGroup;
			children = (
				BD84CE3128872A4D004936A9 /* quackcare! */,
				BD84CE3028872A4D004936A9 /* Products */,
			);
			sourceTree = "<group>";
		};
		BD84CE3028872A4D004936A9 /* Products */ = {
			isa = PBXGroup;
			children = (
				BD84CE2F28872A4D004936A9 /* quackcare!.app */,
			);
			name = Products;
			sourceTree = "<group>";
		};
		BD84CE3128872A4D004936A9 /* quackcare! */ = {
			isa = PBXGroup;
			children = (
				BD84CE3228872A4D004936A9 /* AppDelegate.swift */,
				BD84CE3428872A4D004936A9 /* SceneDelegate.swift */,
				BD84CE3628872A4D004936A9 /* ViewController.swift */,
				BD75A24E288766E800353141 /* HomeViewController.swift */,
				BD75A2542887672300353141 /* WaterViewController.swift */,
				BD75A2522887671A00353141 /* HeartViewController.swift */,
				BDDD452F28887B8E00B0FE76 /* GoalViewController.swift */,
				BD7D54172889BAB800D36E2B /* GoalOneViewController.swift */,
				BD7D54192889BABE00D36E2B /* GoalTwoViewController.swift */,
				BD7D541B2889BAC300D36E2B /* GoalThreeViewController.swift */,
				BD7D541D2889BAC900D36E2B /* GoalFourViewController.swift */,
				BD75A2502887671100353141 /* ShopViewController.swift */,
				BD84CE3828872A4D004936A9 /* Main.storyboard */,
				BD84CE3E28872A4E004936A9 /* Assets.xcassets */,
				BD84CE4028872A4E004936A9 /* LaunchScreen.storyboard */,
				BD84CE4328872A4E004936A9 /* Info.plist */,
				BD84CE3B28872A4D004936A9 /* quackcare_.xcdatamodeld */,
			);
			path = "quackcare!";
			sourceTree = "<group>";
		};
/* End PBXGroup section */

/* Begin PBXNativeTarget section */
		BD84CE2E28872A4D004936A9 /* quackcare! */ = {
			isa = PBXNativeTarget;
			buildConfigurationList = BD84CE4628872A4E004936A9 /* Build configuration list for PBXNativeTarget "quackcare!" */;
			buildPhases = (
				BD84CE2B28872A4D004936A9 /* Sources */,
				BD84CE2C28872A4D004936A9 /* Frameworks */,
				BD84CE2D28872A4D004936A9 /* Resources */,
			);
			buildRules = (
			);
			dependencies = (
			);
			name = "quackcare!";
			productName = "quackcare!";
			productReference = BD84CE2F28872A4D004936A9 /* quackcare!.app */;
			productType = "com.apple.product-type.application";
		};
/* End PBXNativeTarget section */

/* Begin PBXProject section */
		BD84CE2728872A4D004936A9 /* Project object */ = {
			isa = PBXProject;
			attributes = {
				BuildIndependentTargetsInParallel = 1;
				LastSwiftUpdateCheck = 1340;
				LastUpgradeCheck = 1340;
				TargetAttributes = {
					BD84CE2E28872A4D004936A9 = {
						CreatedOnToolsVersion = 13.4.1;
					};
				};
			};
			buildConfigurationList = BD84CE2A28872A4D004936A9 /* Build configuration list for PBXProject "quackcare!" */;
			compatibilityVersion = "Xcode 13.0";
			developmentRegion = en;
			hasScannedForEncodings = 0;
			knownRegions = (
				en,
				Base,
			);
			mainGroup = BD84CE2628872A4D004936A9;
			productRefGroup = BD84CE3028872A4D004936A9 /* Products */;
			projectDirPath = "";
			projectRoot = "";
			targets = (
				BD84CE2E28872A4D004936A9 /* quackcare! */,
			);
		};
/* End PBXProject section */

/* Begin PBXResourcesBuildPhase section */
		BD84CE2D28872A4D004936A9 /* Resources */ = {
			isa = PBXResourcesBuildPhase;
			buildActionMask = 2147483647;
			files = (
				BD84CE4228872A4E004936A9 /* LaunchScreen.storyboard in Resources */,
				BD84CE3F28872A4E004936A9 /* Assets.xcassets in Resources */,
				BD84CE3A28872A4D004936A9 /* Main.storyboard in Resources */,
			);
			runOnlyForDeploymentPostprocessing = 0;
		};
/* End PBXResourcesBuildPhase section */

/* Begin PBXSourcesBuildPhase section */
		BD84CE2B28872A4D004936A9 /* Sources */ = {
			isa = PBXSourcesBuildPhase;
			buildActionMask = 2147483647;
			files = (
				BD75A24F288766E800353141 /* HomeViewController.swift in Sources */,
				BD84CE3728872A4D004936A9 /* ViewController.swift in Sources */,
				BD75A2512887671100353141 /* ShopViewController.swift in Sources */,
				BD7D541A2889BABE00D36E2B /* GoalTwoViewController.swift in Sources */,
				BD84CE3328872A4D004936A9 /* AppDelegate.swift in Sources */,
				BD7D54182889BAB800D36E2B /* GoalOneViewController.swift in Sources */,
				BD84CE3D28872A4D004936A9 /* quackcare_.xcdatamodeld in Sources */,
				BD84CE3528872A4D004936A9 /* SceneDelegate.swift in Sources */,
				BDDD453028887B8E00B0FE76 /* GoalViewController.swift in Sources */,
				BD7D541E2889BAC900D36E2B /* GoalFourViewController.swift in Sources */,
				BD75A2552887672300353141 /* WaterViewController.swift in Sources */,
				BD7D541C2889BAC300D36E2B /* GoalThreeViewController.swift in Sources */,
				BD75A2532887671A00353141 /* HeartViewController.swift in Sources */,
			);
			runOnlyForDeploymentPostprocessing = 0;
		};
/* End PBXSourcesBuildPhase section */

/* Begin PBXVariantGroup section */
		BD84CE3828872A4D004936A9 /* Main.storyboard */ = {
			isa = PBXVariantGroup;
			children = (
				BD84CE3928872A4D004936A9 /* Base */,
			);
			name = Main.storyboard;
			sourceTree = "<group>";
		};
		BD84CE4028872A4E004936A9 /* LaunchScreen.storyboard */ = {
			isa = PBXVariantGroup;
			children = (
				BD84CE4128872A4E004936A9 /* Base */,
			);
			name = LaunchScreen.storyboard;
			sourceTree = "<group>";
		};
/* End PBXVariantGroup section */

/* Begin XCBuildConfiguration section */
		BD84CE4428872A4E004936A9 /* Debug */ = {
			isa = XCBuildConfiguration;
			buildSettings = {
				ALWAYS_SEARCH_USER_PATHS = NO;
				CLANG_ANALYZER_NONNULL = YES;
				CLANG_ANALYZER_NUMBER_OBJECT_CONVERSION = YES_AGGRESSIVE;
				CLANG_CXX_LANGUAGE_STANDARD = "gnu++17";
				CLANG_ENABLE_MODULES = YES;
				CLANG_ENABLE_OBJC_ARC = YES;
				CLANG_ENABLE_OBJC_WEAK = YES;
				CLANG_WARN_BLOCK_CAPTURE_AUTORELEASING = YES;
				CLANG_WARN_BOOL_CONVERSION = YES;
				CLANG_WARN_COMMA = YES;
				CLANG_WARN_CONSTANT_CONVERSION = YES;
				CLANG_WARN_DEPRECATED_OBJC_IMPLEMENTATIONS = YES;
				CLANG_WARN_DIRECT_OBJC_ISA_USAGE = YES_ERROR;
				CLANG_WARN_DOCUMENTATION_COMMENTS = YES;
				CLANG_WARN_EMPTY_BODY = YES;
				CLANG_WARN_ENUM_CONVERSION = YES;
				CLANG_WARN_INFINITE_RECURSION = YES;
				CLANG_WARN_INT_CONVERSION = YES;
				CLANG_WARN_NON_LITERAL_NULL_CONVERSION = YES;
				CLANG_WARN_OBJC_IMPLICIT_RETAIN_SELF = YES;
				CLANG_WARN_OBJC_LITERAL_CONVERSION = YES;
				CLANG_WARN_OBJC_ROOT_CLASS = YES_ERROR;
				CLANG_WARN_QUOTED_INCLUDE_IN_FRAMEWORK_HEADER = YES;
				CLANG_WARN_RANGE_LOOP_ANALYSIS = YES;
				CLANG_WARN_STRICT_PROTOTYPES = YES;
				CLANG_WARN_SUSPICIOUS_MOVE = YES;
				CLANG_WARN_UNGUARDED_AVAILABILITY = YES_AGGRESSIVE;
				CLANG_WARN_UNREACHABLE_CODE = YES;
				CLANG_WARN__DUPLICATE_METHOD_MATCH = YES;
				COPY_PHASE_STRIP = NO;
				DEBUG_INFORMATION_FORMAT = dwarf;
				ENABLE_STRICT_OBJC_MSGSEND = YES;
				ENABLE_TESTABILITY = YES;
				GCC_C_LANGUAGE_STANDARD = gnu11;
				GCC_DYNAMIC_NO_PIC = NO;
				GCC_NO_COMMON_BLOCKS = YES;
				GCC_OPTIMIZATION_LEVEL = 0;
				GCC_PREPROCESSOR_DEFINITIONS = (
					"DEBUG=1",
					"$(inherited)",
				);
				GCC_WARN_64_TO_32_BIT_CONVERSION = YES;
				GCC_WARN_ABOUT_RETURN_TYPE = YES_ERROR;
				GCC_WARN_UNDECLARED_SELECTOR = YES;
				GCC_WARN_UNINITIALIZED_AUTOS = YES_AGGRESSIVE;
				GCC_WARN_UNUSED_FUNCTION = YES;
				GCC_WARN_UNUSED_VARIABLE = YES;
				IPHONEOS_DEPLOYMENT_TARGET = 15.5;
				MTL_ENABLE_DEBUG_INFO = INCLUDE_SOURCE;
				MTL_FAST_MATH = YES;
				ONLY_ACTIVE_ARCH = YES;
				SDKROOT = iphoneos;
				SWIFT_ACTIVE_COMPILATION_CONDITIONS = DEBUG;
				SWIFT_OPTIMIZATION_LEVEL = "-Onone";
			};
			name = Debug;
		};
		BD84CE4528872A4E004936A9 /* Release */ = {
			isa = XCBuildConfiguration;
			buildSettings = {
				ALWAYS_SEARCH_USER_PATHS = NO;
				CLANG_ANALYZER_NONNULL = YES;
				CLANG_ANALYZER_NUMBER_OBJECT_CONVERSION = YES_AGGRESSIVE;
				CLANG_CXX_LANGUAGE_STANDARD = "gnu++17";
				CLANG_ENABLE_MODULES = YES;
				CLANG_ENABLE_OBJC_ARC = YES;
				CLANG_ENABLE_OBJC_WEAK = YES;
				CLANG_WARN_BLOCK_CAPTURE_AUTORELEASING = YES;
				CLANG_WARN_BOOL_CONVERSION = YES;
				CLANG_WARN_COMMA = YES;
				CLANG_WARN_CONSTANT_CONVERSION = YES;
				CLANG_WARN_DEPRECATED_OBJC_IMPLEMENTATIONS = YES;
				CLANG_WARN_DIRECT_OBJC_ISA_USAGE = YES_ERROR;
				CLANG_WARN_DOCUMENTATION_COMMENTS = YES;
				CLANG_WARN_EMPTY_BODY = YES;
				CLANG_WARN_ENUM_CONVERSION = YES;
				CLANG_WARN_INFINITE_RECURSION = YES;
				CLANG_WARN_INT_CONVERSION = YES;
				CLANG_WARN_NON_LITERAL_NULL_CONVERSION = YES;
				CLANG_WARN_OBJC_IMPLICIT_RETAIN_SELF = YES;
				CLANG_WARN_OBJC_LITERAL_CONVERSION = YES;
				CLANG_WARN_OBJC_ROOT_CLASS = YES_ERROR;
				CLANG_WARN_QUOTED_INCLUDE_IN_FRAMEWORK_HEADER = YES;
				CLANG_WARN_RANGE_LOOP_ANALYSIS = YES;
				CLANG_WARN_STRICT_PROTOTYPES = YES;
				CLANG_WARN_SUSPICIOUS_MOVE = YES;
				CLANG_WARN_UNGUARDED_AVAILABILITY = YES_AGGRESSIVE;
				CLANG_WARN_UNREACHABLE_CODE = YES;
				CLANG_WARN__DUPLICATE_METHOD_MATCH = YES;
				COPY_PHASE_STRIP = NO;
				DEBUG_INFORMATION_FORMAT = "dwarf-with-dsym";
				ENABLE_NS_ASSERTIONS = NO;
				ENABLE_STRICT_OBJC_MSGSEND = YES;
				GCC_C_LANGUAGE_STANDARD = gnu11;
				GCC_NO_COMMON_BLOCKS = YES;
				GCC_WARN_64_TO_32_BIT_CONVERSION = YES;
				GCC_WARN_ABOUT_RETURN_TYPE = YES_ERROR;
				GCC_WARN_UNDECLARED_SELECTOR = YES;
				GCC_WARN_UNINITIALIZED_AUTOS = YES_AGGRESSIVE;
				GCC_WARN_UNUSED_FUNCTION = YES;
				GCC_WARN_UNUSED_VARIABLE = YES;
				IPHONEOS_DEPLOYMENT_TARGET = 15.5;
				MTL_ENABLE_DEBUG_INFO = NO;
				MTL_FAST_MATH = YES;
				SDKROOT = iphoneos;
				SWIFT_COMPILATION_MODE = wholemodule;
				SWIFT_OPTIMIZATION_LEVEL = "-O";
				VALIDATE_PRODUCT = YES;
			};
			name = Release;
		};
		BD84CE4728872A4E004936A9 /* Debug */ = {
			isa = XCBuildConfiguration;
			buildSettings = {
				ASSETCATALOG_COMPILER_APPICON_NAME = AppIcon;
				ASSETCATALOG_COMPILER_GLOBAL_ACCENT_COLOR_NAME = AccentColor;
				CODE_SIGN_STYLE = Automatic;
				CURRENT_PROJECT_VERSION = 1;
				GENERATE_INFOPLIST_FILE = YES;
				INFOPLIST_FILE = "quackcare!/Info.plist";
				INFOPLIST_KEY_UIApplicationSupportsIndirectInputEvents = YES;
				INFOPLIST_KEY_UILaunchStoryboardName = LaunchScreen;
				INFOPLIST_KEY_UIMainStoryboardFile = Main;
				INFOPLIST_KEY_UISupportedInterfaceOrientations_iPad = "UIInterfaceOrientationPortrait UIInterfaceOrientationPortraitUpsideDown UIInterfaceOrientationLandscapeLeft UIInterfaceOrientationLandscapeRight";
				INFOPLIST_KEY_UISupportedInterfaceOrientations_iPhone = "UIInterfaceOrientationPortrait UIInterfaceOrientationLandscapeLeft UIInterfaceOrientationLandscapeRight";
				LD_RUNPATH_SEARCH_PATHS = (
					"$(inherited)",
					"@executable_path/Frameworks",
				);
				MARKETING_VERSION = 1.0;
				PRODUCT_BUNDLE_IDENTIFIER = "kwk.quackcare-";
				PRODUCT_NAME = "$(TARGET_NAME)";
				SWIFT_EMIT_LOC_STRINGS = YES;
				SWIFT_VERSION = 5.0;
				TARGETED_DEVICE_FAMILY = "1,2";
			};
			name = Debug;
		};
		BD84CE4828872A4E004936A9 /* Release */ = {
			isa = XCBuildConfiguration;
			buildSettings = {
				ASSETCATALOG_COMPILER_APPICON_NAME = AppIcon;
				ASSETCATALOG_COMPILER_GLOBAL_ACCENT_COLOR_NAME = AccentColor;
				CODE_SIGN_STYLE = Automatic;
				CURRENT_PROJECT_VERSION = 1;
				GENERATE_INFOPLIST_FILE = YES;
				INFOPLIST_FILE = "quackcare!/Info.plist";
				INFOPLIST_KEY_UIApplicationSupportsIndirectInputEvents = YES;
				INFOPLIST_KEY_UILaunchStoryboardName = LaunchScreen;
				INFOPLIST_KEY_UIMainStoryboardFile = Main;
				INFOPLIST_KEY_UISupportedInterfaceOrientations_iPad = "UIInterfaceOrientationPortrait UIInterfaceOrientationPortraitUpsideDown UIInterfaceOrientationLandscapeLeft UIInterfaceOrientationLandscapeRight";
				INFOPLIST_KEY_UISupportedInterfaceOrientations_iPhone = "UIInterfaceOrientationPortrait UIInterfaceOrientationLandscapeLeft UIInterfaceOrientationLandscapeRight";
				LD_RUNPATH_SEARCH_PATHS = (
					"$(inherited)",
					"@executable_path/Frameworks",
				);
				MARKETING_VERSION = 1.0;
				PRODUCT_BUNDLE_IDENTIFIER = "kwk.quackcare-";
				PRODUCT_NAME = "$(TARGET_NAME)";
				SWIFT_EMIT_LOC_STRINGS = YES;
				SWIFT_VERSION = 5.0;
				TARGETED_DEVICE_FAMILY = "1,2";
			};
			name = Release;
		};
/* End XCBuildConfiguration section */

/* Begin XCConfigurationList section */
		BD84CE2A28872A4D004936A9 /* Build configuration list for PBXProject "quackcare!" */ = {
			isa = XCConfigurationList;
			buildConfigurations = (
				BD84CE4428872A4E004936A9 /* Debug */,
				BD84CE4528872A4E004936A9 /* Release */,
			);
			defaultConfigurationIsVisible = 0;
			defaultConfigurationName = Release;
		};
		BD84CE4628872A4E004936A9 /* Build configuration list for PBXNativeTarget "quackcare!" */ = {
			isa = XCConfigurationList;
			buildConfigurations = (
				BD84CE4728872A4E004936A9 /* Debug */,
				BD84CE4828872A4E004936A9 /* Release */,
			);
			defaultConfigurationIsVisible = 0;
			defaultConfigurationName = Release;
		};
/* End XCConfigurationList section */

/* Begin XCVersionGroup section */
		BD84CE3B28872A4D004936A9 /* quackcare_.xcdatamodeld */ = {
			isa = XCVersionGroup;
			children = (
				BD84CE3C28872A4D004936A9 /* quackcare_.xcdatamodel */,
			);
			currentVersion = BD84CE3C28872A4D004936A9 /* quackcare_.xcdatamodel */;
			path = quackcare_.xcdatamodeld;
			sourceTree = "<group>";
			versionGroupType = wrapper.xcdatamodel;
		};
/* End XCVersionGroup section */
	};
	rootObject = BD84CE2728872A4D004936A9 /* Project object */;
}
